// !$*UTF8*$!
{
	archiveVersion = 1;
	classes = {
	};
	objectVersion = 52;
	objects = {

/* Begin PBXBuildFile section */
		1F6A5B3323774B6E002FF531 /* ImageProvider.swift in Sources */ = {isa = PBXBuildFile; fileRef = 1F6A5B3223774B6E002FF531 /* ImageProvider.swift */; };
		1F84815A2340A671005D46DF /* AppDelegate.swift in Sources */ = {isa = PBXBuildFile; fileRef = 1F8481592340A671005D46DF /* AppDelegate.swift */; };
		1F84815C2340A671005D46DF /* SceneDelegate.swift in Sources */ = {isa = PBXBuildFile; fileRef = 1F84815B2340A671005D46DF /* SceneDelegate.swift */; };
		1F84815E2340A671005D46DF /* LottieVC.swift in Sources */ = {isa = PBXBuildFile; fileRef = 1F84815D2340A671005D46DF /* LottieVC.swift */; };
		1F8481612340A671005D46DF /* Main.storyboard in Resources */ = {isa = PBXBuildFile; fileRef = 1F84815F2340A671005D46DF /* Main.storyboard */; };
		1F8481632340A672005D46DF /* Assets.xcassets in Resources */ = {isa = PBXBuildFile; fileRef = 1F8481622340A672005D46DF /* Assets.xcassets */; };
		1F8481662340A672005D46DF /* LaunchScreen.storyboard in Resources */ = {isa = PBXBuildFile; fileRef = 1F8481642340A672005D46DF /* LaunchScreen.storyboard */; };
		1F84816F2340A740005D46DF /* Lottie in Frameworks */ = {isa = PBXBuildFile; productRef = 1F84816E2340A740005D46DF /* Lottie */; };
		1F8481712340AA0E005D46DF /* SliderView.swift in Sources */ = {isa = PBXBuildFile; fileRef = 1F8481702340AA0E005D46DF /* SliderView.swift */; };
		1F8481732340AB5C005D46DF /* a.json in Resources */ = {isa = PBXBuildFile; fileRef = 1F8481722340AB5C005D46DF /* a.json */; };
		1F932F842340ACF5000BD1A1 /* AutoLayoutUtils.swift in Sources */ = {isa = PBXBuildFile; fileRef = 1F932F822340ACF4000BD1A1 /* AutoLayoutUtils.swift */; };
		1F932F852340ACF5000BD1A1 /* PinConstraints.swift in Sources */ = {isa = PBXBuildFile; fileRef = 1F932F832340ACF5000BD1A1 /* PinConstraints.swift */; };
		1FBFC3D0234123A600857663 /* ProgressBar.swift in Sources */ = {isa = PBXBuildFile; fileRef = 1FBFC3CF234123A600857663 /* ProgressBar.swift */; };
		1FEDFDAF236F29D6004D09CC /* ZIPFoundation in Frameworks */ = {isa = PBXBuildFile; productRef = 1FEDFDAE236F29D6004D09CC /* ZIPFoundation */; };
		1FEDFDB1236F2A6A004D09CC /* ViewConfig.swift in Sources */ = {isa = PBXBuildFile; fileRef = 1FEDFDB0236F2A6A004D09CC /* ViewConfig.swift */; };
		1FEDFDB3236F2AAD004D09CC /* UIControlClosure.swift in Sources */ = {isa = PBXBuildFile; fileRef = 1FEDFDB2236F2AAD004D09CC /* UIControlClosure.swift */; };
		1FEDFDB6236F2AE7004D09CC /* appendAttributedString in Frameworks */ = {isa = PBXBuildFile; productRef = 1FEDFDB5236F2AE7004D09CC /* appendAttributedString */; };
		1FEDFDB8236F2BA1004D09CC /* FileService.swift in Sources */ = {isa = PBXBuildFile; fileRef = 1FEDFDB7236F2BA1004D09CC /* FileService.swift */; };
		1FFCA12723412AFD005D332A /* AnimationManager.swift in Sources */ = {isa = PBXBuildFile; fileRef = 1FFCA12623412AFD005D332A /* AnimationManager.swift */; };
/* End PBXBuildFile section */

/* Begin PBXFileReference section */
		1F6A5B3223774B6E002FF531 /* ImageProvider.swift */ = {isa = PBXFileReference; lastKnownFileType = sourcecode.swift; path = ImageProvider.swift; sourceTree = "<group>"; };
		1F8481562340A670005D46DF /* Prototyper.app */ = {isa = PBXFileReference; explicitFileType = wrapper.application; includeInIndex = 0; path = Prototyper.app; sourceTree = BUILT_PRODUCTS_DIR; };
		1F8481592340A671005D46DF /* AppDelegate.swift */ = {isa = PBXFileReference; lastKnownFileType = sourcecode.swift; path = AppDelegate.swift; sourceTree = "<group>"; };
		1F84815B2340A671005D46DF /* SceneDelegate.swift */ = {isa = PBXFileReference; lastKnownFileType = sourcecode.swift; path = SceneDelegate.swift; sourceTree = "<group>"; };
		1F84815D2340A671005D46DF /* LottieVC.swift */ = {isa = PBXFileReference; lastKnownFileType = sourcecode.swift; path = LottieVC.swift; sourceTree = "<group>"; };
		1F8481602340A671005D46DF /* Base */ = {isa = PBXFileReference; lastKnownFileType = file.storyboard; name = Base; path = Base.lproj/Main.storyboard; sourceTree = "<group>"; };
		1F8481622340A672005D46DF /* Assets.xcassets */ = {isa = PBXFileReference; lastKnownFileType = folder.assetcatalog; path = Assets.xcassets; sourceTree = "<group>"; };
		1F8481652340A672005D46DF /* Base */ = {isa = PBXFileReference; lastKnownFileType = file.storyboard; name = Base; path = Base.lproj/LaunchScreen.storyboard; sourceTree = "<group>"; };
		1F8481672340A672005D46DF /* Info.plist */ = {isa = PBXFileReference; lastKnownFileType = text.plist.xml; path = Info.plist; sourceTree = "<group>"; };
		1F8481702340AA0E005D46DF /* SliderView.swift */ = {isa = PBXFileReference; fileEncoding = 4; lastKnownFileType = sourcecode.swift; path = SliderView.swift; sourceTree = "<group>"; };
		1F8481722340AB5C005D46DF /* a.json */ = {isa = PBXFileReference; fileEncoding = 4; lastKnownFileType = text.json; path = a.json; sourceTree = "<group>"; };
		1F932F822340ACF4000BD1A1 /* AutoLayoutUtils.swift */ = {isa = PBXFileReference; fileEncoding = 4; lastKnownFileType = sourcecode.swift; path = AutoLayoutUtils.swift; sourceTree = "<group>"; };
		1F932F832340ACF5000BD1A1 /* PinConstraints.swift */ = {isa = PBXFileReference; fileEncoding = 4; lastKnownFileType = sourcecode.swift; path = PinConstraints.swift; sourceTree = "<group>"; };
		1FBFC3CF234123A600857663 /* ProgressBar.swift */ = {isa = PBXFileReference; lastKnownFileType = sourcecode.swift; path = ProgressBar.swift; sourceTree = "<group>"; };
		1FEDFDB0236F2A6A004D09CC /* ViewConfig.swift */ = {isa = PBXFileReference; fileEncoding = 4; lastKnownFileType = sourcecode.swift; path = ViewConfig.swift; sourceTree = "<group>"; };
		1FEDFDB2236F2AAD004D09CC /* UIControlClosure.swift */ = {isa = PBXFileReference; fileEncoding = 4; lastKnownFileType = sourcecode.swift; path = UIControlClosure.swift; sourceTree = "<group>"; };
		1FEDFDB7236F2BA1004D09CC /* FileService.swift */ = {isa = PBXFileReference; lastKnownFileType = sourcecode.swift; path = FileService.swift; sourceTree = "<group>"; };
		1FFCA12623412AFD005D332A /* AnimationManager.swift */ = {isa = PBXFileReference; lastKnownFileType = sourcecode.swift; path = AnimationManager.swift; sourceTree = "<group>"; };
/* End PBXFileReference section */

/* Begin PBXFrameworksBuildPhase section */
		1F8481532340A670005D46DF /* Frameworks */ = {
			isa = PBXFrameworksBuildPhase;
			buildActionMask = 2147483647;
			files = (
				1F84816F2340A740005D46DF /* Lottie in Frameworks */,
				1FEDFDB6236F2AE7004D09CC /* appendAttributedString in Frameworks */,
				1FEDFDAF236F29D6004D09CC /* ZIPFoundation in Frameworks */,
			);
			runOnlyForDeploymentPostprocessing = 0;
		};
/* End PBXFrameworksBuildPhase section */

/* Begin PBXGroup section */
		1F84814D2340A670005D46DF = {
			isa = PBXGroup;
			children = (
				1F8481582340A670005D46DF /* Prototyper */,
				1F8481572340A670005D46DF /* Products */,
			);
			sourceTree = "<group>";
		};
		1F8481572340A670005D46DF /* Products */ = {
			isa = PBXGroup;
			children = (
				1F8481562340A670005D46DF /* Prototyper.app */,
			);
			name = Products;
			sourceTree = "<group>";
		};
		1F8481582340A670005D46DF /* Prototyper */ = {
			isa = PBXGroup;
			children = (
				1FBFC3CD2341239300857663 /* View Controller */,
				1FBFC3CE2341239900857663 /* View */,
				1FFCA12523412AF0005D332A /* Data */,
				1F84815F2340A671005D46DF /* Main.storyboard */,
				1F932F862340ACFA000BD1A1 /* Other */,
				1F8481642340A672005D46DF /* LaunchScreen.storyboard */,
				1F84815B2340A671005D46DF /* SceneDelegate.swift */,
				1F8481592340A671005D46DF /* AppDelegate.swift */,
				1F8481622340A672005D46DF /* Assets.xcassets */,
				1F8481672340A672005D46DF /* Info.plist */,
				1F8481722340AB5C005D46DF /* a.json */,
			);
			path = Prototyper;
			sourceTree = "<group>";
		};
		1F932F862340ACFA000BD1A1 /* Other */ = {
			isa = PBXGroup;
			children = (
				1F932F872340AD00000BD1A1 /* AutoLayout */,
				1F8481702340AA0E005D46DF /* SliderView.swift */,
			);
			path = Other;
			sourceTree = "<group>";
		};
		1F932F872340AD00000BD1A1 /* AutoLayout */ = {
			isa = PBXGroup;
			children = (
				1FEDFDB2236F2AAD004D09CC /* UIControlClosure.swift */,
				1FEDFDB0236F2A6A004D09CC /* ViewConfig.swift */,
				1F932F822340ACF4000BD1A1 /* AutoLayoutUtils.swift */,
				1F932F832340ACF5000BD1A1 /* PinConstraints.swift */,
			);
			path = AutoLayout;
			sourceTree = "<group>";
		};
		1FBFC3CD2341239300857663 /* View Controller */ = {
			isa = PBXGroup;
			children = (
				1F84815D2340A671005D46DF /* LottieVC.swift */,
			);
			path = "View Controller";
			sourceTree = "<group>";
		};
		1FBFC3CE2341239900857663 /* View */ = {
			isa = PBXGroup;
			children = (
				1FBFC3CF234123A600857663 /* ProgressBar.swift */,
			);
			path = View;
			sourceTree = "<group>";
		};
		1FFCA12523412AF0005D332A /* Data */ = {
			isa = PBXGroup;
			children = (
				1FFCA12623412AFD005D332A /* AnimationManager.swift */,
				1FEDFDB7236F2BA1004D09CC /* FileService.swift */,
				1F6A5B3223774B6E002FF531 /* ImageProvider.swift */,
			);
			path = Data;
			sourceTree = "<group>";
		};
/* End PBXGroup section */

/* Begin PBXNativeTarget section */
		1F8481552340A670005D46DF /* Prototyper */ = {
			isa = PBXNativeTarget;
			buildConfigurationList = 1F84816A2340A672005D46DF /* Build configuration list for PBXNativeTarget "Prototyper" */;
			buildPhases = (
				1F8481522340A670005D46DF /* Sources */,
				1F8481532340A670005D46DF /* Frameworks */,
				1F8481542340A670005D46DF /* Resources */,
			);
			buildRules = (
			);
			dependencies = (
			);
			name = Prototyper;
			packageProductDependencies = (
				1F84816E2340A740005D46DF /* Lottie */,
				1FEDFDAE236F29D6004D09CC /* ZIPFoundation */,
				1FEDFDB5236F2AE7004D09CC /* appendAttributedString */,
			);
			productName = Prototyper;
			productReference = 1F8481562340A670005D46DF /* Prototyper.app */;
			productType = "com.apple.product-type.application";
		};
/* End PBXNativeTarget section */

/* Begin PBXProject section */
		1F84814E2340A670005D46DF /* Project object */ = {
			isa = PBXProject;
			attributes = {
				LastSwiftUpdateCheck = 1100;
				LastUpgradeCheck = 1100;
				ORGANIZATIONNAME = Ysoftware;
				TargetAttributes = {
					1F8481552340A670005D46DF = {
						CreatedOnToolsVersion = 11.0;
					};
				};
			};
			buildConfigurationList = 1F8481512340A670005D46DF /* Build configuration list for PBXProject "Prototyper" */;
			compatibilityVersion = "Xcode 9.3";
			developmentRegion = en;
			hasScannedForEncodings = 0;
			knownRegions = (
				en,
				Base,
			);
			mainGroup = 1F84814D2340A670005D46DF;
			packageReferences = (
				1F84816D2340A740005D46DF /* XCRemoteSwiftPackageReference "lottie-ios" */,
				1FEDFDAD236F29D6004D09CC /* XCRemoteSwiftPackageReference "ZIPFoundation" */,
				1FEDFDB4236F2AE7004D09CC /* XCRemoteSwiftPackageReference "appendAttributedString" */,
			);
			productRefGroup = 1F8481572340A670005D46DF /* Products */;
			projectDirPath = "";
			projectRoot = "";
			targets = (
				1F8481552340A670005D46DF /* Prototyper */,
			);
		};
/* End PBXProject section */

/* Begin PBXResourcesBuildPhase section */
		1F8481542340A670005D46DF /* Resources */ = {
			isa = PBXResourcesBuildPhase;
			buildActionMask = 2147483647;
			files = (
				1F8481732340AB5C005D46DF /* a.json in Resources */,
				1F8481662340A672005D46DF /* LaunchScreen.storyboard in Resources */,
				1F8481632340A672005D46DF /* Assets.xcassets in Resources */,
				1F8481612340A671005D46DF /* Main.storyboard in Resources */,
			);
			runOnlyForDeploymentPostprocessing = 0;
		};
/* End PBXResourcesBuildPhase section */

/* Begin PBXSourcesBuildPhase section */
		1F8481522340A670005D46DF /* Sources */ = {
			isa = PBXSourcesBuildPhase;
			buildActionMask = 2147483647;
			files = (
				1F84815E2340A671005D46DF /* LottieVC.swift in Sources */,
				1F8481712340AA0E005D46DF /* SliderView.swift in Sources */,
				1FEDFDB8236F2BA1004D09CC /* FileService.swift in Sources */,
				1F932F842340ACF5000BD1A1 /* AutoLayoutUtils.swift in Sources */,
				1F84815A2340A671005D46DF /* AppDelegate.swift in Sources */,
				1FFCA12723412AFD005D332A /* AnimationManager.swift in Sources */,
				1FEDFDB3236F2AAD004D09CC /* UIControlClosure.swift in Sources */,
				1F932F852340ACF5000BD1A1 /* PinConstraints.swift in Sources */,
				1F6A5B3323774B6E002FF531 /* ImageProvider.swift in Sources */,
				1FEDFDB1236F2A6A004D09CC /* ViewConfig.swift in Sources */,
				1F84815C2340A671005D46DF /* SceneDelegate.swift in Sources */,
				1FBFC3D0234123A600857663 /* ProgressBar.swift in Sources */,
			);
			runOnlyForDeploymentPostprocessing = 0;
		};
/* End PBXSourcesBuildPhase section */

/* Begin PBXVariantGroup section */
		1F84815F2340A671005D46DF /* Main.storyboard */ = {
			isa = PBXVariantGroup;
			children = (
				1F8481602340A671005D46DF /* Base */,
			);
			name = Main.storyboard;
			sourceTree = "<group>";
		};
		1F8481642340A672005D46DF /* LaunchScreen.storyboard */ = {
			isa = PBXVariantGroup;
			children = (
				1F8481652340A672005D46DF /* Base */,
			);
			name = LaunchScreen.storyboard;
			sourceTree = "<group>";
		};
/* End PBXVariantGroup section */

/* Begin XCBuildConfiguration section */
		1F8481682340A672005D46DF /* Debug */ = {
			isa = XCBuildConfiguration;
			buildSettings = {
				ALWAYS_SEARCH_USER_PATHS = NO;
				CLANG_ANALYZER_NONNULL = YES;
				CLANG_ANALYZER_NUMBER_OBJECT_CONVERSION = YES_AGGRESSIVE;
				CLANG_CXX_LANGUAGE_STANDARD = "gnu++14";
				CLANG_CXX_LIBRARY = "libc++";
				CLANG_ENABLE_MODULES = YES;
				CLANG_ENABLE_OBJC_ARC = YES;
				CLANG_ENABLE_OBJC_WEAK = YES;
				CLANG_WARN_BLOCK_CAPTURE_AUTORELEASING = YES;
				CLANG_WARN_BOOL_CONVERSION = YES;
				CLANG_WARN_COMMA = YES;
				CLANG_WARN_CONSTANT_CONVERSION = YES;
				CLANG_WARN_DEPRECATED_OBJC_IMPLEMENTATIONS = YES;
				CLANG_WARN_DIRECT_OBJC_ISA_USAGE = YES_ERROR;
				CLANG_WARN_DOCUMENTATION_COMMENTS = YES;
				CLANG_WARN_EMPTY_BODY = YES;
				CLANG_WARN_ENUM_CONVERSION = YES;
				CLANG_WARN_INFINITE_RECURSION = YES;
				CLANG_WARN_INT_CONVERSION = YES;
				CLANG_WARN_NON_LITERAL_NULL_CONVERSION = YES;
				CLANG_WARN_OBJC_IMPLICIT_RETAIN_SELF = YES;
				CLANG_WARN_OBJC_LITERAL_CONVERSION = YES;
				CLANG_WARN_OBJC_ROOT_CLASS = YES_ERROR;
				CLANG_WARN_RANGE_LOOP_ANALYSIS = YES;
				CLANG_WARN_STRICT_PROTOTYPES = YES;
				CLANG_WARN_SUSPICIOUS_MOVE = YES;
				CLANG_WARN_UNGUARDED_AVAILABILITY = YES_AGGRESSIVE;
				CLANG_WARN_UNREACHABLE_CODE = YES;
				CLANG_WARN__DUPLICATE_METHOD_MATCH = YES;
				COPY_PHASE_STRIP = NO;
				DEBUG_INFORMATION_FORMAT = dwarf;
				ENABLE_STRICT_OBJC_MSGSEND = YES;
				ENABLE_TESTABILITY = YES;
				GCC_C_LANGUAGE_STANDARD = gnu11;
				GCC_DYNAMIC_NO_PIC = NO;
				GCC_NO_COMMON_BLOCKS = YES;
				GCC_OPTIMIZATION_LEVEL = 0;
				GCC_PREPROCESSOR_DEFINITIONS = (
					"DEBUG=1",
					"$(inherited)",
				);
				GCC_WARN_64_TO_32_BIT_CONVERSION = YES;
				GCC_WARN_ABOUT_RETURN_TYPE = YES_ERROR;
				GCC_WARN_UNDECLARED_SELECTOR = YES;
				GCC_WARN_UNINITIALIZED_AUTOS = YES_AGGRESSIVE;
				GCC_WARN_UNUSED_FUNCTION = YES;
				GCC_WARN_UNUSED_VARIABLE = YES;
				IPHONEOS_DEPLOYMENT_TARGET = 13.0;
				MTL_ENABLE_DEBUG_INFO = INCLUDE_SOURCE;
				MTL_FAST_MATH = YES;
				ONLY_ACTIVE_ARCH = YES;
				SDKROOT = iphoneos;
				SWIFT_ACTIVE_COMPILATION_CONDITIONS = DEBUG;
				SWIFT_OPTIMIZATION_LEVEL = "-Onone";
			};
			name = Debug;
		};
		1F8481692340A672005D46DF /* Release */ = {
			isa = XCBuildConfiguration;
			buildSettings = {
				ALWAYS_SEARCH_USER_PATHS = NO;
				CLANG_ANALYZER_NONNULL = YES;
				CLANG_ANALYZER_NUMBER_OBJECT_CONVERSION = YES_AGGRESSIVE;
				CLANG_CXX_LANGUAGE_STANDARD = "gnu++14";
				CLANG_CXX_LIBRARY = "libc++";
				CLANG_ENABLE_MODULES = YES;
				CLANG_ENABLE_OBJC_ARC = YES;
				CLANG_ENABLE_OBJC_WEAK = YES;
				CLANG_WARN_BLOCK_CAPTURE_AUTORELEASING = YES;
				CLANG_WARN_BOOL_CONVERSION = YES;
				CLANG_WARN_COMMA = YES;
				CLANG_WARN_CONSTANT_CONVERSION = YES;
				CLANG_WARN_DEPRECATED_OBJC_IMPLEMENTATIONS = YES;
				CLANG_WARN_DIRECT_OBJC_ISA_USAGE = YES_ERROR;
				CLANG_WARN_DOCUMENTATION_COMMENTS = YES;
				CLANG_WARN_EMPTY_BODY = YES;
				CLANG_WARN_ENUM_CONVERSION = YES;
				CLANG_WARN_INFINITE_RECURSION = YES;
				CLANG_WARN_INT_CONVERSION = YES;
				CLANG_WARN_NON_LITERAL_NULL_CONVERSION = YES;
				CLANG_WARN_OBJC_IMPLICIT_RETAIN_SELF = YES;
				CLANG_WARN_OBJC_LITERAL_CONVERSION = YES;
				CLANG_WARN_OBJC_ROOT_CLASS = YES_ERROR;
				CLANG_WARN_RANGE_LOOP_ANALYSIS = YES;
				CLANG_WARN_STRICT_PROTOTYPES = YES;
				CLANG_WARN_SUSPICIOUS_MOVE = YES;
				CLANG_WARN_UNGUARDED_AVAILABILITY = YES_AGGRESSIVE;
				CLANG_WARN_UNREACHABLE_CODE = YES;
				CLANG_WARN__DUPLICATE_METHOD_MATCH = YES;
				COPY_PHASE_STRIP = NO;
				DEBUG_INFORMATION_FORMAT = "dwarf-with-dsym";
				ENABLE_NS_ASSERTIONS = NO;
				ENABLE_STRICT_OBJC_MSGSEND = YES;
				GCC_C_LANGUAGE_STANDARD = gnu11;
				GCC_NO_COMMON_BLOCKS = YES;
				GCC_WARN_64_TO_32_BIT_CONVERSION = YES;
				GCC_WARN_ABOUT_RETURN_TYPE = YES_ERROR;
				GCC_WARN_UNDECLARED_SELECTOR = YES;
				GCC_WARN_UNINITIALIZED_AUTOS = YES_AGGRESSIVE;
				GCC_WARN_UNUSED_FUNCTION = YES;
				GCC_WARN_UNUSED_VARIABLE = YES;
				IPHONEOS_DEPLOYMENT_TARGET = 13.0;
				MTL_ENABLE_DEBUG_INFO = NO;
				MTL_FAST_MATH = YES;
				SDKROOT = iphoneos;
				SWIFT_COMPILATION_MODE = wholemodule;
				SWIFT_OPTIMIZATION_LEVEL = "-O";
				VALIDATE_PRODUCT = YES;
			};
			name = Release;
		};
		1F84816B2340A672005D46DF /* Debug */ = {
			isa = XCBuildConfiguration;
			buildSettings = {
				ASSETCATALOG_COMPILER_APPICON_NAME = AppIcon;
				CODE_SIGN_STYLE = Automatic;
				DEAD_CODE_STRIPPING = NO;
				DEVELOPMENT_TEAM = S422Q897FZ;
				INFOPLIST_FILE = Prototyper/Info.plist;
				IPHONEOS_DEPLOYMENT_TARGET = 11.0;
				LD_RUNPATH_SEARCH_PATHS = (
					"$(inherited)",
					"@executable_path/Frameworks",
				);
				PRODUCT_BUNDLE_IDENTIFIER = com.ysoftware.Prototyper;
				PRODUCT_NAME = "$(TARGET_NAME)";
				SWIFT_VERSION = 5.0;
				TARGETED_DEVICE_FAMILY = "1,2";
			};
			name = Debug;
		};
		1F84816C2340A672005D46DF /* Release */ = {
			isa = XCBuildConfiguration;
			buildSettings = {
				ASSETCATALOG_COMPILER_APPICON_NAME = AppIcon;
				CODE_SIGN_STYLE = Automatic;
				DEAD_CODE_STRIPPING = NO;
				DEVELOPMENT_TEAM = S422Q897FZ;
				INFOPLIST_FILE = Prototyper/Info.plist;
				IPHONEOS_DEPLOYMENT_TARGET = 11.0;
				LD_RUNPATH_SEARCH_PATHS = (
					"$(inherited)",
					"@executable_path/Frameworks",
				);
				PRODUCT_BUNDLE_IDENTIFIER = com.ysoftware.Prototyper;
				PRODUCT_NAME = "$(TARGET_NAME)";
				SWIFT_VERSION = 5.0;
				TARGETED_DEVICE_FAMILY = "1,2";
			};
			name = Release;
		};
/* End XCBuildConfiguration section */

/* Begin XCConfigurationList section */
		1F8481512340A670005D46DF /* Build configuration list for PBXProject "Prototyper" */ = {
			isa = XCConfigurationList;
			buildConfigurations = (
				1F8481682340A672005D46DF /* Debug */,
				1F8481692340A672005D46DF /* Release */,
			);
			defaultConfigurationIsVisible = 0;
			defaultConfigurationName = Release;
		};
		1F84816A2340A672005D46DF /* Build configuration list for PBXNativeTarget "Prototyper" */ = {
			isa = XCConfigurationList;
			buildConfigurations = (
				1F84816B2340A672005D46DF /* Debug */,
				1F84816C2340A672005D46DF /* Release */,
			);
			defaultConfigurationIsVisible = 0;
			defaultConfigurationName = Release;
		};
/* End XCConfigurationList section */

/* Begin XCRemoteSwiftPackageReference section */
		1F84816D2340A740005D46DF /* XCRemoteSwiftPackageReference "lottie-ios" */ = {
			isa = XCRemoteSwiftPackageReference;
			repositoryURL = "https://github.com/airbnb/lottie-ios";
			requirement = {
				kind = upToNextMajorVersion;
				minimumVersion = 3.1.3;
			};
		};
		1FEDFDAD236F29D6004D09CC /* XCRemoteSwiftPackageReference "ZIPFoundation" */ = {
			isa = XCRemoteSwiftPackageReference;
			repositoryURL = "https://github.com/weichsel/ZIPFoundation";
			requirement = {
				kind = upToNextMajorVersion;
				minimumVersion = 0.9.9;
			};
		};
		1FEDFDB4236F2AE7004D09CC /* XCRemoteSwiftPackageReference "appendAttributedString" */ = {
			isa = XCRemoteSwiftPackageReference;
			repositoryURL = "https://github.com/ysoftware/appendAttributedString";
			requirement = {
				kind = upToNextMajorVersion;
				minimumVersion = 1.1.2;
			};
		};
/* End XCRemoteSwiftPackageReference section */

/* Begin XCSwiftPackageProductDependency section */
		1F84816E2340A740005D46DF /* Lottie */ = {
			isa = XCSwiftPackageProductDependency;
			package = 1F84816D2340A740005D46DF /* XCRemoteSwiftPackageReference "lottie-ios" */;
			productName = Lottie;
		};
		1FEDFDAE236F29D6004D09CC /* ZIPFoundation */ = {
			isa = XCSwiftPackageProductDependency;
			package = 1FEDFDAD236F29D6004D09CC /* XCRemoteSwiftPackageReference "ZIPFoundation" */;
			productName = ZIPFoundation;
		};
		1FEDFDB5236F2AE7004D09CC /* appendAttributedString */ = {
			isa = XCSwiftPackageProductDependency;
			package = 1FEDFDB4236F2AE7004D09CC /* XCRemoteSwiftPackageReference "appendAttributedString" */;
			productName = appendAttributedString;
		};
/* End XCSwiftPackageProductDependency section */
	};
	rootObject = 1F84814E2340A670005D46DF /* Project object */;
}
